// !$*UTF8*$!
{
	archiveVersion = 1;
	classes = {
	};
	objectVersion = 46;
	objects = {

		F21755B2AD061D7CB43A93B9 = {isa = PBXBuildFile; fileRef = 967CB80A9072C3D70E147111; };
		B6EBA173D5C3092A84A7F3D4 = {isa = PBXBuildFile; fileRef = CFBC6D8FFC8896069576BE75; };
		72D416BAD496A16D3D0EDE3F = {isa = PBXBuildFile; fileRef = A22E413F35F946F29B68C640; };
		A0B5C48C6CAC8B87345FC697 = {isa = PBXBuildFile; fileRef = A5547445D0D8F6110C246C38; };
		DE559175CEAC1E99E9CD6BAB = {isa = PBXBuildFile; fileRef = 81ECB93BB16103951151D876; };
		BE40640126A8773B62DF53EC = {isa = PBXBuildFile; fileRef = E9A99BBA3F420CAB2E2BF756; };
		9F1D8C0183D1305C3D8876AC = {isa = PBXBuildFile; fileRef = 986FB6FE697DA7378FADCCA7; };
		42D3C816147318C1C499656B = {isa = PBXBuildFile; fileRef = 6FEDE1D56E8CCE80911C8E10; };
		7782446A557ABE2E47E4F90F = {isa = PBXBuildFile; fileRef = 5E6B644B56A6355597D760F8; };
		60B19025D338AD6A7722421B = {isa = PBXBuildFile; fileRef = A19F1039F2252357F6154762; };
		DE770639380BC619EDE2155B = {isa = PBXBuildFile; fileRef = 843ADD2FB3872F4555D7D85D; };
		2CCDDF5B10A36041EA254453 = {isa = PBXBuildFile; fileRef = A7934C924CCF619FA6F9106F; };
		0592897C81C694213A9D7928 = {isa = PBXBuildFile; fileRef = 88846DA17644166EC8FF7FF2; };
		D7B05959B59CA908C314B260 = {isa = PBXBuildFile; fileRef = D03AA115D7206EEB90991A74; };
		30EF23717C33BDDFEC76A3F8 = {isa = PBXBuildFile; fileRef = 453B0C41132B04C06C92B06F; };
		593BEE65A88F3670E209E80B = {isa = PBXBuildFile; fileRef = C711B7D770DF558C75DA9C97; };
		F2D8CD68B5E83998ED32281B = {isa = PBXBuildFile; fileRef = E5C8CEA323516DE951411108; };
		CE9CF54852284CA0F60E3542 = {isa = PBXBuildFile; fileRef = EA1F31F41D6B2F6A18CDF1F3; };
		D5BE36AB68136C306130F3C2 = {isa = PBXBuildFile; fileRef = A61D1B40A59F97C3D4888824; };
		6B3A5718E18B50048E0A1236 = {isa = PBXBuildFile; fileRef = C61D50F94AA4CD2D519948B6; };
		F3ABDF358238AAFB661DD41A = {isa = PBXBuildFile; fileRef = A21716BDB595143D6E8D6185; };
		EF2AC0B4B85CD6967AE37580 = {isa = PBXBuildFile; fileRef = 41C4EA818223C61CD36B3253; };
		8F9F37EC6C2D9B918AE392A3 = {isa = PBXBuildFile; fileRef = 629FBF171D79291A38A87497; };
		229A0F830E800CA60F5F4238 = {isa = PBXBuildFile; fileRef = 44D1FDCADB3E1847427FED13; };
		683A0D907C01A1F1494C45EE = {isa = PBXBuildFile; fileRef = BBA6FA5D985EB79E9BE77AF1; };
		FB45063804F553074DF3B079 = {isa = PBXBuildFile; fileRef = 1B63DBE1426D9E9E6F989F55; };
		84DA2DEB52609D9F5D721E9A = {isa = PBXBuildFile; fileRef = DB7646B5222C79DFCF797C68; };
		9A316A4A94151791ACC48A63 = {isa = PBXBuildFile; fileRef = 56CA989AE81DA0E064B90CE5; };
		4FBA53A4EAC8723D05B56293 = {isa = PBXBuildFile; fileRef = 3E5DBB288D5A36FF4FFC154A; };
		BBB86D4FD78E999C29B59C52 = {isa = PBXBuildFile; fileRef = 0F61C1D6383FC8C722077EC6; };
		CB142C61A912E2908FA6C5EB = {isa = PBXBuildFile; fileRef = 5832983563F69D45A429E9BA; };
		B749058C54E25858E0774403 = {isa = PBXBuildFile; fileRef = 240BD7A8D54EB6032A5BB513; };
		2A49148F3290406951D4FFA6 = {isa = PBXBuildFile; fileRef = 9EFC76ABB5F1EDB18F87B4DC; };
		99FF78227974D48DF984FFFB = {isa = PBXBuildFile; fileRef = 8CAED23B136A357D5AE063FB; };
		1E0CC60555FA3ADD0D194AC5 = {isa = PBXBuildFile; fileRef = 8B66B439CFD7E16036CBE9AB; };
		50A34DEFF989E15D9621CAE5 = {isa = PBXBuildFile; fileRef = A8A0210A4D98974C042EA288; };
		774EDDB432471691C0ED36F9 = {isa = PBXBuildFile; fileRef = 81D3ADF28961193F3DE72B33; };
		F62A34E4EB33E1C7695A36D8 = {isa = PBXBuildFile; fileRef = D8A7C68B4D712FD2AE8E1DDC; };
		7FEC2ECE2545BBBFEC09B135 = {isa = PBXBuildFile; fileRef = AA413F26C334D49CB9C6C062; };
		A62AD9FB1D3F9EB45AA35419 = {isa = PBXBuildFile; fileRef = 59B7880D2D71A80AC5CF36E2; };
		5B28E6CBC90405476A0EFF23 = {isa = PBXBuildFile; fileRef = CF6F513C358F7EF73E63BA60; };
		729881656BD3930D35114206 = {isa = PBXBuildFile; fileRef = B310142EB67FACB375562396; };
		14CC347D6BA0E0D9C8B228A1 = {isa = PBXBuildFile; fileRef = CA40C22504781C1FCF9554DD; };
		61F265A632A307617E023346 = {isa = PBXBuildFile; fileRef = E1054C6EBDB7AC7104A6ADA0; };
		BA39C0D15BD0023DEECCB5FC = {isa = PBXBuildFile; fileRef = DF2ED6786653E378FB27BA1D; };
		672C39F12889C4E0AE43336F = {isa = PBXBuildFile; fileRef = 36FEAD4AAB26AE51BA9A7DC0; };
		7B023AE3F2417125E0B528AB = {isa = PBXBuildFile; fileRef = BD58499013580F44FBA959F3; };
		249E15340AD2A4A39CF0E203 = {isa = PBXBuildFile; fileRef = F4FF5F5DE1EF8406C34B3D21; };
		49F68E7538DADF4BBE1735B2 = {isa = PBXBuildFile; fileRef = 7949D105E503A59FB2C8D98F; };
		3E85DCF5203D5FB1D47EFD37 = {isa = PBXBuildFile; fileRef = FF4D768A58F6C3D0F6851617; };
		99B324C529565FB4381A55E3 = {isa = PBXBuildFile; fileRef = 6BC840D090F750461388FC4D; };
		271B32ABE68C2D5EA42DC5CC = {isa = PBXBuildFile; fileRef = 8A10DA0A9E5F886A7C82878F; };
		173CB6CDB75C63AF9BC30F11 = {isa = PBXBuildFile; fileRef = E4F48BF7B027B5FC49D5BC49; };
		F303751FBC18B2122E6FEC8A = {isa = PBXBuildFile; fileRef = 13DED7CAB26D65EE547CFC3A; };
		02BAE02EBBB3EF5532C5BB79 = {isa = PBXFileReference; lastKnownFileType = file; name = "juce_graphics"; path = "/Applications/JUCE/modules/juce_graphics"; sourceTree = "<absolute>"; };
		052D20DFD5FA6FD73AF085A9 = {isa = PBXFileReference; lastKnownFileType = sourcecode.c.h; name = maxiFFT.h; path = ../../../../../Libraries/Maximilian/libs/maxiFFT.h; sourceTree = "SOURCE_ROOT"; };
		0B3236F287C8FA5D9ABC487A = {isa = PBXFileReference; lastKnownFileType = sourcecode.c.h; name = fft.h; path = ../../../../../Libraries/Maximilian/libs/fft.h; sourceTree = "SOURCE_ROOT"; };
		0E592C679396395A3CD24616 = {isa = PBXFileReference; lastKnownFileType = text.plist.xml; name = "Info-Standalone_Plugin.plist"; path = "Info-Standalone_Plugin.plist"; sourceTree = "SOURCE_ROOT"; };
		0F61C1D6383FC8C722077EC6 = {isa = PBXFileReference; lastKnownFileType = sourcecode.c.c; name = "stb_vorbis.c"; path = "../../../../../Libraries/Maximilian/stb_vorbis.c"; sourceTree = "SOURCE_ROOT"; };
		120B0619415DACE412F9F417 = {isa = PBXFileReference; lastKnownFileType = file; name = "juce_gui_basics"; path = "/Applications/JUCE/modules/juce_gui_basics"; sourceTree = "<absolute>"; };
		12B49CEA1C0EF2CD76444F33 = {isa = PBXFileReference; lastKnownFileType = sourcecode.c.h; name = maxiBark.h; path = ../../../../../Libraries/Maximilian/libs/maxiBark.h; sourceTree = "SOURCE_ROOT"; };
		13DED7CAB26D65EE547CFC3A = {isa = PBXFileReference; lastKnownFileType = sourcecode.cpp.objcpp; name = "include_juce_video.mm"; path = "../../JuceLibraryCode/include_juce_video.mm"; sourceTree = "SOURCE_ROOT"; };
		1B63DBE1426D9E9E6F989F55 = {isa = PBXFileReference; lastKnownFileType = sourcecode.cpp.cpp; name = maxiGrains.cpp; path = ../../../../../Libraries/Maximilian/libs/maxiGrains.cpp; sourceTree = "SOURCE_ROOT"; };
		1D65B474336952F054A09F0D = {isa = PBXFileReference; lastKnownFileType = file; name = "juce_audio_formats"; path = "/Applications/JUCE/modules/juce_audio_formats"; sourceTree = "<absolute>"; };
		1DE18FF197BFE42C1805ECFF = {isa = PBXFileReference; lastKnownFileType = sourcecode.c.h; name = Envelope.h; path = ../../Source/Envelope.h; sourceTree = "SOURCE_ROOT"; };
		223FEBF968FAC76D8BE1716B = {isa = PBXFileReference; lastKnownFileType = sourcecode.c.h; name = maximilian.h; path = ../../../../../Libraries/Maximilian/maximilian.h; sourceTree = "SOURCE_ROOT"; };
		240BD7A8D54EB6032A5BB513 = {isa = PBXFileReference; lastKnownFileType = sourcecode.cpp.cpp; name = PluginEditor.cpp; path = ../../Source/PluginEditor.cpp; sourceTree = "SOURCE_ROOT"; };
		251455CCC9E32407E1D64F5E = {isa = PBXFileReference; lastKnownFileType = file; name = "juce_core"; path = "/Applications/JUCE/modules/juce_core"; sourceTree = "<absolute>"; };
		36FEAD4AAB26AE51BA9A7DC0 = {isa = PBXFileReference; lastKnownFileType = sourcecode.cpp.objcpp; name = "include_juce_core.mm"; path = "../../JuceLibraryCode/include_juce_core.mm"; sourceTree = "SOURCE_ROOT"; };
		3E5DBB288D5A36FF4FFC154A = {isa = PBXFileReference; lastKnownFileType = sourcecode.cpp.cpp; name = maximilian.cpp; path = ../../../../../Libraries/Maximilian/maximilian.cpp; sourceTree = "SOURCE_ROOT"; };
		41C4EA818223C61CD36B3253 = {isa = PBXFileReference; lastKnownFileType = sourcecode.cpp.cpp; name = fft.cpp; path = ../../../../../Libraries/Maximilian/libs/fft.cpp; sourceTree = "SOURCE_ROOT"; };
		44D1FDCADB3E1847427FED13 = {isa = PBXFileReference; lastKnownFileType = sourcecode.cpp.cpp; name = maxiBark.cpp; path = ../../../../../Libraries/Maximilian/libs/maxiBark.cpp; sourceTree = "SOURCE_ROOT"; };
		453B0C41132B04C06C92B06F = {isa = PBXFileReference; lastKnownFileType = wrapper.framework; name = CoreMIDI.framework; path = System/Library/Frameworks/CoreMIDI.framework; sourceTree = SDKROOT; };
		539AAD2D570BEF68E9E65092 = {isa = PBXFileReference; lastKnownFileType = sourcecode.c.h; name = maxiGrains.h; path = ../../../../../Libraries/Maximilian/libs/maxiGrains.h; sourceTree = "SOURCE_ROOT"; };
		56CA989AE81DA0E064B90CE5 = {isa = PBXFileReference; lastKnownFileType = sourcecode.cpp.cpp; name = main.cpp; path = ../../../../../Libraries/Maximilian/main.cpp; sourceTree = "SOURCE_ROOT"; };
		5832983563F69D45A429E9BA = {isa = PBXFileReference; lastKnownFileType = sourcecode.cpp.cpp; name = PluginProcessor.cpp; path = ../../Source/PluginProcessor.cpp; sourceTree = "SOURCE_ROOT"; };
		59B7880D2D71A80AC5CF36E2 = {isa = PBXFileReference; lastKnownFileType = sourcecode.cpp.cpp; name = "include_juce_audio_plugin_client_Standalone.cpp"; path = "../../JuceLibraryCode/include_juce_audio_plugin_client_Standalone.cpp"; sourceTree = "SOURCE_ROOT"; };
		5B061ED4BF68ED820D9A6AF6 = {isa = PBXFileReference; lastKnownFileType = sourcecode.c.h; name = PluginProcessor.h; path = ../../Source/PluginProcessor.h; sourceTree = "SOURCE_ROOT"; };
		5CFF45E22FD60B987E92F467 = {isa = PBXFileReference; lastKnownFileType = text.plist.xml; name = "Info-VST.plist"; path = "Info-VST.plist"; sourceTree = "SOURCE_ROOT"; };
		5E6B644B56A6355597D760F8 = {isa = PBXFileReference; lastKnownFileType = wrapper.framework; name = AVKit.framework; path = System/Library/Frameworks/AVKit.framework; sourceTree = SDKROOT; };
		629FBF171D79291A38A87497 = {isa = PBXFileReference; lastKnownFileType = sourcecode.cpp.cpp; name = maxiAtoms.cpp; path = ../../../../../Libraries/Maximilian/libs/maxiAtoms.cpp; sourceTree = "SOURCE_ROOT"; };
		6BC840D090F750461388FC4D = {isa = PBXFileReference; lastKnownFileType = sourcecode.cpp.objcpp; name = "include_juce_gui_basics.mm"; path = "../../JuceLibraryCode/include_juce_gui_basics.mm"; sourceTree = "SOURCE_ROOT"; };
		6FEDE1D56E8CCE80911C8E10 = {isa = PBXFileReference; lastKnownFileType = wrapper.framework; name = AVFoundation.framework; path = System/Library/Frameworks/AVFoundation.framework; sourceTree = SDKROOT; };
		7949D105E503A59FB2C8D98F = {isa = PBXFileReference; lastKnownFileType = sourcecode.cpp.objcpp; name = "include_juce_events.mm"; path = "../../JuceLibraryCode/include_juce_events.mm"; sourceTree = "SOURCE_ROOT"; };
		79FBB4CAFAD774C120E44871 = {isa = PBXFileReference; lastKnownFileType = sourcecode.c.h; name = maxim.h; path = ../../../../../Libraries/Maximilian/libs/maxim.h; sourceTree = "SOURCE_ROOT"; };
		7B8B9B831B9AC1BB4DE48E54 = {isa = PBXFileReference; lastKnownFileType = file; name = "juce_audio_plugin_client"; path = "/Applications/JUCE/modules/juce_audio_plugin_client"; sourceTree = "<absolute>"; };
		81D3ADF28961193F3DE72B33 = {isa = PBXFileReference; lastKnownFileType = file.r; name = "include_juce_audio_plugin_client_AU.r"; path = "../../JuceLibraryCode/include_juce_audio_plugin_client_AU.r"; sourceTree = "SOURCE_ROOT"; };
		81ECB93BB16103951151D876 = {isa = PBXFileReference; lastKnownFileType = wrapper.framework; name = Accelerate.framework; path = System/Library/Frameworks/Accelerate.framework; sourceTree = SDKROOT; };
		843ADD2FB3872F4555D7D85D = {isa = PBXFileReference; lastKnownFileType = wrapper.framework; name = Cocoa.framework; path = System/Library/Frameworks/Cocoa.framework; sourceTree = SDKROOT; };
		8827C3C3E96268CDAFCFBD49 = {isa = PBXFileReference; lastKnownFileType = file; name = "juce_cryptography"; path = "/Applications/JUCE/modules/juce_cryptography"; sourceTree = "<absolute>"; };
		88846DA17644166EC8FF7FF2 = {isa = PBXFileReference; lastKnownFileType = wrapper.framework; name = CoreAudioKit.framework; path = System/Library/Frameworks/CoreAudioKit.framework; sourceTree = SDKROOT; };
		8A10DA0A9E5F886A7C82878F = {isa = PBXFileReference; lastKnownFileType = sourcecode.cpp.objcpp; name = "include_juce_gui_extra.mm"; path = "../../JuceLibraryCode/include_juce_gui_extra.mm"; sourceTree = "SOURCE_ROOT"; };
		8B66B439CFD7E16036CBE9AB = {isa = PBXFileReference; lastKnownFileType = sourcecode.cpp.objcpp; name = "include_juce_audio_devices.mm"; path = "../../JuceLibraryCode/include_juce_audio_devices.mm"; sourceTree = "SOURCE_ROOT"; };
		8CAED23B136A357D5AE063FB = {isa = PBXFileReference; lastKnownFileType = sourcecode.cpp.objcpp; name = "include_juce_audio_basics.mm"; path = "../../JuceLibraryCode/include_juce_audio_basics.mm"; sourceTree = "SOURCE_ROOT"; };
		8F1C56A9CF8BD4CF2774BE4B = {isa = PBXFileReference; lastKnownFileType = file; name = "juce_data_structures"; path = "/Applications/JUCE/modules/juce_data_structures"; sourceTree = "<absolute>"; };
		909E5FCE4488B65A1A62A0EC = {isa = PBXFileReference; lastKnownFileType = sourcecode.c.h; name = SynthVoice.h; path = ../../Source/SynthVoice.h; sourceTree = "SOURCE_ROOT"; };
		967CB80A9072C3D70E147111 = {isa = PBXFileReference; explicitFileType = wrapper.cfbundle; includeInIndex = 0; path = juceSynthFramework.vst; sourceTree = "BUILT_PRODUCTS_DIR"; };
		986FB6FE697DA7378FADCCA7 = {isa = PBXFileReference; lastKnownFileType = wrapper.framework; name = AudioUnit.framework; path = System/Library/Frameworks/AudioUnit.framework; sourceTree = SDKROOT; };
		9EFC76ABB5F1EDB18F87B4DC = {isa = PBXFileReference; lastKnownFileType = sourcecode.cpp.cpp; name = Envelope.cpp; path = ../../Source/Envelope.cpp; sourceTree = "SOURCE_ROOT"; };
		A19F1039F2252357F6154762 = {isa = PBXFileReference; lastKnownFileType = wrapper.framework; name = Carbon.framework; path = System/Library/Frameworks/Carbon.framework; sourceTree = SDKROOT; };
		A21716BDB595143D6E8D6185 = {isa = PBXFileReference; lastKnownFileType = file.nib; name = RecentFilesMenuTemplate.nib; path = RecentFilesMenuTemplate.nib; sourceTree = "SOURCE_ROOT"; };
		A4E974DA8576317624E73083 = {isa = PBXFileReference; lastKnownFileType = text.plist.xml; name = "Info-AU.plist"; path = "Info-AU.plist"; sourceTree = "SOURCE_ROOT"; };
		A61D1B40A59F97C3D4888824 = {isa = PBXFileReference; lastKnownFileType = wrapper.framework; name = QuartzCore.framework; path = System/Library/Frameworks/QuartzCore.framework; sourceTree = SDKROOT; };
		A745EFF283DB47B0B7730298 = {isa = PBXFileReference; lastKnownFileType = sourcecode.c.h; name = maxiAtoms.h; path = ../../../../../Libraries/Maximilian/libs/maxiAtoms.h; sourceTree = "SOURCE_ROOT"; };
		A8A0210A4D98974C042EA288 = {isa = PBXFileReference; lastKnownFileType = sourcecode.cpp.objcpp; name = "include_juce_audio_formats.mm"; path = "../../JuceLibraryCode/include_juce_audio_formats.mm"; sourceTree = "SOURCE_ROOT"; };
		AA413F26C334D49CB9C6C062 = {isa = PBXFileReference; lastKnownFileType = sourcecode.cpp.objcpp; name = "include_juce_audio_plugin_client_AU_2.mm"; path = "../../JuceLibraryCode/include_juce_audio_plugin_client_AU_2.mm"; sourceTree = "SOURCE_ROOT"; };
		B310142EB67FACB375562396 = {isa = PBXFileReference; lastKnownFileType = sourcecode.cpp.objcpp; name = "include_juce_audio_plugin_client_VST_utils.mm"; path = "../../JuceLibraryCode/include_juce_audio_plugin_client_VST_utils.mm"; sourceTree = "SOURCE_ROOT"; };
		CFBC6D8FFC8896069576BE75 = {isa = PBXFileReference; explicitFileType = wrapper.cfbundle; includeInIndex = 0; path = juceSynthFramework.component; sourceTree = "BUILT_PRODUCTS_DIR"; };
		A22E413F35F946F29B68C640 = {isa = PBXFileReference; explicitFileType = wrapper.application; includeInIndex = 0; path = juceSynthFramework.app; sourceTree = "BUILT_PRODUCTS_DIR"; };
		A5547445D0D8F6110C246C38 = {isa = PBXFileReference; explicitFileType = archive.ar; includeInIndex = 0; path = libjuceSynthFramework.a; sourceTree = "BUILT_PRODUCTS_DIR"; };
		A7934C924CCF619FA6F9106F = {isa = PBXFileReference; lastKnownFileType = wrapper.framework; name = CoreAudio.framework; path = System/Library/Frameworks/CoreAudio.framework; sourceTree = SDKROOT; };
		B58C57586094F9181D1C17CC = {isa = PBXFileReference; lastKnownFileType = file; name = "juce_gui_extra"; path = "/Applications/JUCE/modules/juce_gui_extra"; sourceTree = "<absolute>"; };
		BB2CCF338B625644A13BE63C = {isa = PBXFileReference; lastKnownFileType = sourcecode.c.h; name = JuceHeader.h; path = ../../JuceLibraryCode/JuceHeader.h; sourceTree = "SOURCE_ROOT"; };
		BBA6FA5D985EB79E9BE77AF1 = {isa = PBXFileReference; lastKnownFileType = sourcecode.cpp.cpp; name = maxiFFT.cpp; path = ../../../../../Libraries/Maximilian/libs/maxiFFT.cpp; sourceTree = "SOURCE_ROOT"; };
		BD58499013580F44FBA959F3 = {isa = PBXFileReference; lastKnownFileType = sourcecode.cpp.objcpp; name = "include_juce_cryptography.mm"; path = "../../JuceLibraryCode/include_juce_cryptography.mm"; sourceTree = "SOURCE_ROOT"; };
		C209099AB42D6AF003DA92D2 = {isa = PBXFileReference; lastKnownFileType = sourcecode.c.h; name = sineTable.h; path = ../../../../../Libraries/Maximilian/libs/sineTable.h; sourceTree = "SOURCE_ROOT"; };
		C3CD62DDCBD4CA288F16B8E7 = {isa = PBXFileReference; lastKnownFileType = file; name = "juce_audio_utils"; path = "/Applications/JUCE/modules/juce_audio_utils"; sourceTree = "<absolute>"; };
		C61D50F94AA4CD2D519948B6 = {isa = PBXFileReference; lastKnownFileType = wrapper.framework; name = WebKit.framework; path = System/Library/Frameworks/WebKit.framework; sourceTree = SDKROOT; };
		C711B7D770DF558C75DA9C97 = {isa = PBXFileReference; lastKnownFileType = wrapper.framework; name = DiscRecording.framework; path = System/Library/Frameworks/DiscRecording.framework; sourceTree = SDKROOT; };
		CA40C22504781C1FCF9554DD = {isa = PBXFileReference; lastKnownFileType = sourcecode.cpp.cpp; name = "include_juce_audio_plugin_client_VST2.cpp"; path = "../../JuceLibraryCode/include_juce_audio_plugin_client_VST2.cpp"; sourceTree = "SOURCE_ROOT"; };
		CB136355F25C54B4B86D1981 = {isa = PBXFileReference; lastKnownFileType = sourcecode.c.h; name = maxiMFCC.h; path = ../../../../../Libraries/Maximilian/libs/maxiMFCC.h; sourceTree = "SOURCE_ROOT"; };
		CF3909820644E24A5B89D0A3 = {isa = PBXFileReference; lastKnownFileType = file; name = "juce_audio_devices"; path = "/Applications/JUCE/modules/juce_audio_devices"; sourceTree = "<absolute>"; };
		CF6F513C358F7EF73E63BA60 = {isa = PBXFileReference; lastKnownFileType = sourcecode.cpp.cpp; name = "include_juce_audio_plugin_client_utils.cpp"; path = "../../JuceLibraryCode/include_juce_audio_plugin_client_utils.cpp"; sourceTree = "SOURCE_ROOT"; };
		D03AA115D7206EEB90991A74 = {isa = PBXFileReference; lastKnownFileType = wrapper.framework; name = CoreMedia.framework; path = System/Library/Frameworks/CoreMedia.framework; sourceTree = SDKROOT; };
		D3DAF051FA53630A8B89C292 = {isa = PBXFileReference; lastKnownFileType = file; name = "juce_events"; path = "/Applications/JUCE/modules/juce_events"; sourceTree = "<absolute>"; };
		D4D0F7D47AD17EA9B9C5CB40 = {isa = PBXFileReference; lastKnownFileType = file; name = "juce_audio_basics"; path = "/Applications/JUCE/modules/juce_audio_basics"; sourceTree = "<absolute>"; };
		D8A7C68B4D712FD2AE8E1DDC = {isa = PBXFileReference; lastKnownFileType = sourcecode.cpp.objcpp; name = "include_juce_audio_plugin_client_AU_1.mm"; path = "../../JuceLibraryCode/include_juce_audio_plugin_client_AU_1.mm"; sourceTree = "SOURCE_ROOT"; };
		DB7646B5222C79DFCF797C68 = {isa = PBXFileReference; lastKnownFileType = sourcecode.cpp.cpp; name = maxiMFCC.cpp; path = ../../../../../Libraries/Maximilian/libs/maxiMFCC.cpp; sourceTree = "SOURCE_ROOT"; };
		DB8F27ED287EE09046D072CF = {isa = PBXFileReference; lastKnownFileType = text.plist.xml; name = juceSynthFramework.entitlements; path = juceSynthFramework.entitlements; sourceTree = "SOURCE_ROOT"; };
		DEB6595C5FE0E8237BF4EBC7 = {isa = PBXFileReference; lastKnownFileType = file; name = "juce_audio_processors"; path = "/Applications/JUCE/modules/juce_audio_processors"; sourceTree = "<absolute>"; };
		DF2ED6786653E378FB27BA1D = {isa = PBXFileReference; lastKnownFileType = sourcecode.cpp.objcpp; name = "include_juce_audio_utils.mm"; path = "../../JuceLibraryCode/include_juce_audio_utils.mm"; sourceTree = "SOURCE_ROOT"; };
		E0DE4AEAE1B4482B1ECD362B = {isa = PBXFileReference; lastKnownFileType = sourcecode.c.h; name = PluginEditor.h; path = ../../Source/PluginEditor.h; sourceTree = "SOURCE_ROOT"; };
		E1054C6EBDB7AC7104A6ADA0 = {isa = PBXFileReference; lastKnownFileType = sourcecode.cpp.objcpp; name = "include_juce_audio_processors.mm"; path = "../../JuceLibraryCode/include_juce_audio_processors.mm"; sourceTree = "SOURCE_ROOT"; };
		E2D85C228EC79519FC684A16 = {isa = PBXFileReference; lastKnownFileType = sourcecode.c.h; name = "stb_vorbis.h"; path = "../../../../../Libraries/Maximilian/stb_vorbis.h"; sourceTree = "SOURCE_ROOT"; };
		E41601A1C75C4752D4E909E1 = {isa = PBXFileReference; lastKnownFileType = sourcecode.c.h; name = SynthSound.h; path = ../../Source/SynthSound.h; sourceTree = "SOURCE_ROOT"; };
		E4F48BF7B027B5FC49D5BC49 = {isa = PBXFileReference; lastKnownFileType = sourcecode.cpp.objcpp; name = "include_juce_opengl.mm"; path = "../../JuceLibraryCode/include_juce_opengl.mm"; sourceTree = "SOURCE_ROOT"; };
		E5C8CEA323516DE951411108 = {isa = PBXFileReference; lastKnownFileType = wrapper.framework; name = IOKit.framework; path = System/Library/Frameworks/IOKit.framework; sourceTree = SDKROOT; };
		E9A99BBA3F420CAB2E2BF756 = {isa = PBXFileReference; lastKnownFileType = wrapper.framework; name = AudioToolbox.framework; path = System/Library/Frameworks/AudioToolbox.framework; sourceTree = SDKROOT; };
		EA1F31F41D6B2F6A18CDF1F3 = {isa = PBXFileReference; lastKnownFileType = wrapper.framework; name = OpenGL.framework; path = System/Library/Frameworks/OpenGL.framework; sourceTree = SDKROOT; };
		F012C83CBDEC4348C509A755 = {isa = PBXFileReference; lastKnownFileType = file; name = "juce_video"; path = "/Applications/JUCE/modules/juce_video"; sourceTree = "<absolute>"; };
		F4FF5F5DE1EF8406C34B3D21 = {isa = PBXFileReference; lastKnownFileType = sourcecode.cpp.objcpp; name = "include_juce_data_structures.mm"; path = "../../JuceLibraryCode/include_juce_data_structures.mm"; sourceTree = "SOURCE_ROOT"; };
		F91A8A5207501D56CCB90015 = {isa = PBXFileReference; lastKnownFileType = file; name = "juce_opengl"; path = "/Applications/JUCE/modules/juce_opengl"; sourceTree = "<absolute>"; };
		FC70A049F9A0324702616B31 = {isa = PBXFileReference; lastKnownFileType = sourcecode.c.h; name = AppConfig.h; path = ../../JuceLibraryCode/AppConfig.h; sourceTree = "SOURCE_ROOT"; };
		FF4D768A58F6C3D0F6851617 = {isa = PBXFileReference; lastKnownFileType = sourcecode.cpp.objcpp; name = "include_juce_graphics.mm"; path = "../../JuceLibraryCode/include_juce_graphics.mm"; sourceTree = "SOURCE_ROOT"; };
		D6A743F1756CC7B227DBE540 = {isa = PBXGroup; children = (
					41C4EA818223C61CD36B3253,
					0B3236F287C8FA5D9ABC487A,
					629FBF171D79291A38A87497,
					A745EFF283DB47B0B7730298,
					44D1FDCADB3E1847427FED13,
					12B49CEA1C0EF2CD76444F33,
					BBA6FA5D985EB79E9BE77AF1,
					052D20DFD5FA6FD73AF085A9,
					1B63DBE1426D9E9E6F989F55,
					539AAD2D570BEF68E9E65092,
					79FBB4CAFAD774C120E44871,
					DB7646B5222C79DFCF797C68,
					CB136355F25C54B4B86D1981,
					C209099AB42D6AF003DA92D2, ); name = libs; sourceTree = "<group>"; };
		06DBADB993CF33B011FA0EA0 = {isa = PBXGroup; children = (
					D6A743F1756CC7B227DBE540,
					56CA989AE81DA0E064B90CE5,
					3E5DBB288D5A36FF4FFC154A,
					223FEBF968FAC76D8BE1716B,
					0F61C1D6383FC8C722077EC6,
					E2D85C228EC79519FC684A16, ); name = Maximilian; sourceTree = "<group>"; };
		6554CD71AB9B2DD49D99C72C = {isa = PBXGroup; children = (
					06DBADB993CF33B011FA0EA0,
					5832983563F69D45A429E9BA,
					5B061ED4BF68ED820D9A6AF6,
					240BD7A8D54EB6032A5BB513,
					E0DE4AEAE1B4482B1ECD362B,
					909E5FCE4488B65A1A62A0EC,
					E41601A1C75C4752D4E909E1,
					9EFC76ABB5F1EDB18F87B4DC,
					1DE18FF197BFE42C1805ECFF, ); name = Source; sourceTree = "<group>"; };
		711FF914830882C7F8662D9C = {isa = PBXGroup; children = (
					6554CD71AB9B2DD49D99C72C, ); name = juceSynthFramework; sourceTree = "<group>"; };
		DE48376D17BC6860BDB74AA7 = {isa = PBXGroup; children = (
					D4D0F7D47AD17EA9B9C5CB40,
					CF3909820644E24A5B89D0A3,
					1D65B474336952F054A09F0D,
					7B8B9B831B9AC1BB4DE48E54,
					DEB6595C5FE0E8237BF4EBC7,
					C3CD62DDCBD4CA288F16B8E7,
					251455CCC9E32407E1D64F5E,
					8827C3C3E96268CDAFCFBD49,
					8F1C56A9CF8BD4CF2774BE4B,
					D3DAF051FA53630A8B89C292,
					02BAE02EBBB3EF5532C5BB79,
					120B0619415DACE412F9F417,
					B58C57586094F9181D1C17CC,
					F91A8A5207501D56CCB90015,
					F012C83CBDEC4348C509A755, ); name = "Juce Modules"; sourceTree = "<group>"; };
		D7111DB580FC3DB53CF58AD7 = {isa = PBXGroup; children = (
					FC70A049F9A0324702616B31,
					8CAED23B136A357D5AE063FB,
					8B66B439CFD7E16036CBE9AB,
					A8A0210A4D98974C042EA288,
					81D3ADF28961193F3DE72B33,
					D8A7C68B4D712FD2AE8E1DDC,
					AA413F26C334D49CB9C6C062,
					59B7880D2D71A80AC5CF36E2,
					CF6F513C358F7EF73E63BA60,
					B310142EB67FACB375562396,
					CA40C22504781C1FCF9554DD,
					E1054C6EBDB7AC7104A6ADA0,
					DF2ED6786653E378FB27BA1D,
					36FEAD4AAB26AE51BA9A7DC0,
					BD58499013580F44FBA959F3,
					F4FF5F5DE1EF8406C34B3D21,
					7949D105E503A59FB2C8D98F,
					FF4D768A58F6C3D0F6851617,
					6BC840D090F750461388FC4D,
					8A10DA0A9E5F886A7C82878F,
					E4F48BF7B027B5FC49D5BC49,
					13DED7CAB26D65EE547CFC3A,
					BB2CCF338B625644A13BE63C, ); name = "Juce Library Code"; sourceTree = "<group>"; };
		44485339B4ACC2FB45141199 = {isa = PBXGroup; children = (
					5CFF45E22FD60B987E92F467,
					A4E974DA8576317624E73083,
					0E592C679396395A3CD24616,
					A21716BDB595143D6E8D6185, ); name = Resources; sourceTree = "<group>"; };
		FEFE51ADF20693DCA38D5691 = {isa = PBXGroup; children = (
					81ECB93BB16103951151D876,
					E9A99BBA3F420CAB2E2BF756,
					986FB6FE697DA7378FADCCA7,
					6FEDE1D56E8CCE80911C8E10,
					5E6B644B56A6355597D760F8,
					A19F1039F2252357F6154762,
					843ADD2FB3872F4555D7D85D,
					A7934C924CCF619FA6F9106F,
					88846DA17644166EC8FF7FF2,
					D03AA115D7206EEB90991A74,
					453B0C41132B04C06C92B06F,
					C711B7D770DF558C75DA9C97,
					E5C8CEA323516DE951411108,
					EA1F31F41D6B2F6A18CDF1F3,
					A61D1B40A59F97C3D4888824,
					C61D50F94AA4CD2D519948B6, ); name = Frameworks; sourceTree = "<group>"; };
		6DEC480F2EC11C097AE50F42 = {isa = PBXGroup; children = (
					967CB80A9072C3D70E147111,
					CFBC6D8FFC8896069576BE75,
					A22E413F35F946F29B68C640,
					A5547445D0D8F6110C246C38, ); name = Products; sourceTree = "<group>"; };
		7F2A21B881B895FC9ED08D49 = {isa = PBXGroup; children = (
					DB8F27ED287EE09046D072CF,
					711FF914830882C7F8662D9C,
					DE48376D17BC6860BDB74AA7,
					D7111DB580FC3DB53CF58AD7,
					44485339B4ACC2FB45141199,
					FEFE51ADF20693DCA38D5691,
					6DEC480F2EC11C097AE50F42, ); name = Source; sourceTree = "<group>"; };
		6267BF8165F279DFCF20C04E = {isa = XCBuildConfiguration; buildSettings = {
				MACOSX_DEPLOYMENT_TARGET = 10.11; }; name = Debug; };
		39972EAE0FB1ED10D93F8906 = {isa = XCBuildConfiguration; buildSettings = {
				MACOSX_DEPLOYMENT_TARGET = 10.11; }; name = Release; };
		3EF27DA587E41FC46DEC814E = {isa = XCBuildConfiguration; buildSettings = {
				CLANG_CXX_LANGUAGE_STANDARD = "c++11";
				CLANG_LINK_OBJC_RUNTIME = NO;
				COMBINE_HIDPI_IMAGES = YES;
				CONFIGURATION_BUILD_DIR = "$(PROJECT_DIR)/build/$(CONFIGURATION)";
				COPY_PHASE_STRIP = NO;
				DEPLOYMENT_LOCATION = YES;
				DSTROOT = /;
				GCC_DYNAMIC_NO_PIC = NO;
				GCC_OPTIMIZATION_LEVEL = 0;
				GCC_PREPROCESSOR_DEFINITIONS = (
					"_DEBUG=1",
					"DEBUG=1",
					"JUCER_XCODE_MAC_F6D2F4CF=1",
					"JUCE_APP_VERSION=1.0.0",
					"JUCE_APP_VERSION_HEX=0x10000",
					"JucePlugin_Build_VST=1",
					"JucePlugin_Build_VST3=0",
					"JucePlugin_Build_AU=0",
					"JucePlugin_Build_AUv3=0",
					"JucePlugin_Build_RTAS=0",
					"JucePlugin_Build_AAX=0",
					"JucePlugin_Build_Standalone=0", );
				GCC_VERSION = com.apple.compilers.llvm.clang.1_0;
				GENERATE_PKGINFO_FILE = YES;
				HEADER_SEARCH_PATHS = ("../../JuceLibraryCode", "/Applications/JUCE/modules", "/Users/djatwar/Development/Libraries/Maximilian", "/Applications/JUCE/modules/juce_audio_plugin_client", "$(inherited)");
				INFOPLIST_FILE = Info-VST.plist;
				INFOPLIST_PREPROCESS = NO;
				INSTALL_PATH = "$(HOME)/Library/Audio/Plug-Ins/VST/";
				LIBRARY_STYLE = Bundle;
				MACOSX_DEPLOYMENT_TARGET = 10.11;
				MACOSX_DEPLOYMENT_TARGET_ppc = 10.4;
				OTHER_LDFLAGS = "-bundle -ljuceSynthFramework";
				PRODUCT_BUNDLE_IDENTIFIER = com.yourcompany.juceSynthFramework;
				SDKROOT_ppc = macosx10.5;
				USE_HEADERMAP = NO;
				WRAPPER_EXTENSION = vst; }; name = Debug; };
		09210CA762197DDB8ADA9DFA = {isa = XCBuildConfiguration; buildSettings = {
				CLANG_CXX_LANGUAGE_STANDARD = "c++11";
				CLANG_LINK_OBJC_RUNTIME = NO;
				COMBINE_HIDPI_IMAGES = YES;
				CONFIGURATION_BUILD_DIR = "$(PROJECT_DIR)/build/$(CONFIGURATION)";
				DEAD_CODE_STRIPPING = YES;
				DEPLOYMENT_LOCATION = YES;
				DSTROOT = /;
				GCC_GENERATE_DEBUGGING_SYMBOLS = NO;
				GCC_OPTIMIZATION_LEVEL = 3;
				GCC_PREPROCESSOR_DEFINITIONS = (
					"_NDEBUG=1",
					"NDEBUG=1",
					"JUCER_XCODE_MAC_F6D2F4CF=1",
					"JUCE_APP_VERSION=1.0.0",
					"JUCE_APP_VERSION_HEX=0x10000",
					"JucePlugin_Build_VST=1",
					"JucePlugin_Build_VST3=0",
					"JucePlugin_Build_AU=0",
					"JucePlugin_Build_AUv3=0",
					"JucePlugin_Build_RTAS=0",
					"JucePlugin_Build_AAX=0",
					"JucePlugin_Build_Standalone=0", );
				GCC_SYMBOLS_PRIVATE_EXTERN = YES;
				GCC_VERSION = com.apple.compilers.llvm.clang.1_0;
				GENERATE_PKGINFO_FILE = YES;
				HEADER_SEARCH_PATHS = ("../../JuceLibraryCode", "/Applications/JUCE/modules", "/Applications/JUCE/modules/juce_audio_plugin_client", "$(inherited)");
				INFOPLIST_FILE = Info-VST.plist;
				INFOPLIST_PREPROCESS = NO;
				INSTALL_PATH = "$(HOME)/Library/Audio/Plug-Ins/VST/";
				LIBRARY_STYLE = Bundle;
				LLVM_LTO = YES;
				MACOSX_DEPLOYMENT_TARGET = 10.11;
				MACOSX_DEPLOYMENT_TARGET_ppc = 10.4;
				OTHER_LDFLAGS = "-bundle -ljuceSynthFramework";
				PRODUCT_BUNDLE_IDENTIFIER = com.yourcompany.juceSynthFramework;
				SDKROOT_ppc = macosx10.5;
				USE_HEADERMAP = NO;
				WRAPPER_EXTENSION = vst; }; name = Release; };
		838E41574DF2CB6CC06C0A99 = {isa = XCBuildConfiguration; buildSettings = {
				CLANG_CXX_LANGUAGE_STANDARD = "c++11";
				CLANG_LINK_OBJC_RUNTIME = NO;
				COMBINE_HIDPI_IMAGES = YES;
				CONFIGURATION_BUILD_DIR = "$(PROJECT_DIR)/build/$(CONFIGURATION)";
				COPY_PHASE_STRIP = NO;
				DEPLOYMENT_LOCATION = YES;
				DSTROOT = /;
				GCC_DYNAMIC_NO_PIC = NO;
				GCC_OPTIMIZATION_LEVEL = 0;
				GCC_PREPROCESSOR_DEFINITIONS = (
					"_DEBUG=1",
					"DEBUG=1",
					"JUCER_XCODE_MAC_F6D2F4CF=1",
					"JUCE_APP_VERSION=1.0.0",
					"JUCE_APP_VERSION_HEX=0x10000",
					"JucePlugin_Build_VST=0",
					"JucePlugin_Build_VST3=0",
					"JucePlugin_Build_AU=1",
					"JucePlugin_Build_AUv3=0",
					"JucePlugin_Build_RTAS=0",
					"JucePlugin_Build_AAX=0",
					"JucePlugin_Build_Standalone=0", );
				GCC_VERSION = com.apple.compilers.llvm.clang.1_0;
				GENERATE_PKGINFO_FILE = YES;
				HEADER_SEARCH_PATHS = ("../../JuceLibraryCode", "/Applications/JUCE/modules", "/Users/djatwar/Development/Libraries/Maximilian", "/Applications/JUCE/modules/juce_audio_plugin_client", "$(inherited)");
				INFOPLIST_FILE = Info-AU.plist;
				INFOPLIST_PREPROCESS = NO;
				INSTALL_PATH = "$(HOME)/Library/Audio/Plug-Ins/Components/";
				LIBRARY_STYLE = Bundle;
				MACOSX_DEPLOYMENT_TARGET = 10.11;
				MACOSX_DEPLOYMENT_TARGET_ppc = 10.4;
				OTHER_LDFLAGS = "-bundle -ljuceSynthFramework";
				OTHER_REZFLAGS = "-d ppc_$ppc -d i386_$i386 -d ppc64_$ppc64 -d x86_64_$x86_64 -I /System/Library/Frameworks/CoreServices.framework/Frameworks/CarbonCore.framework/Versions/A/Headers -I \"$(DEVELOPER_DIR)/Extras/CoreAudio/AudioUnits/AUPublic/AUBase\"";
				PRODUCT_BUNDLE_IDENTIFIER = com.yourcompany.juceSynthFramework;
				SDKROOT_ppc = macosx10.5;
				USE_HEADERMAP = NO;
				WRAPPER_EXTENSION = component; }; name = Debug; };
		2EB90B07C794323ED3E9DD52 = {isa = XCBuildConfiguration; buildSettings = {
				CLANG_CXX_LANGUAGE_STANDARD = "c++11";
				CLANG_LINK_OBJC_RUNTIME = NO;
				COMBINE_HIDPI_IMAGES = YES;
				CONFIGURATION_BUILD_DIR = "$(PROJECT_DIR)/build/$(CONFIGURATION)";
				DEAD_CODE_STRIPPING = YES;
				DEPLOYMENT_LOCATION = YES;
				DSTROOT = /;
				GCC_GENERATE_DEBUGGING_SYMBOLS = NO;
				GCC_OPTIMIZATION_LEVEL = 3;
				GCC_PREPROCESSOR_DEFINITIONS = (
					"_NDEBUG=1",
					"NDEBUG=1",
					"JUCER_XCODE_MAC_F6D2F4CF=1",
					"JUCE_APP_VERSION=1.0.0",
					"JUCE_APP_VERSION_HEX=0x10000",
					"JucePlugin_Build_VST=0",
					"JucePlugin_Build_VST3=0",
					"JucePlugin_Build_AU=1",
					"JucePlugin_Build_AUv3=0",
					"JucePlugin_Build_RTAS=0",
					"JucePlugin_Build_AAX=0",
					"JucePlugin_Build_Standalone=0", );
				GCC_SYMBOLS_PRIVATE_EXTERN = YES;
				GCC_VERSION = com.apple.compilers.llvm.clang.1_0;
				GENERATE_PKGINFO_FILE = YES;
				HEADER_SEARCH_PATHS = ("../../JuceLibraryCode", "/Applications/JUCE/modules", "/Applications/JUCE/modules/juce_audio_plugin_client", "$(inherited)");
				INFOPLIST_FILE = Info-AU.plist;
				INFOPLIST_PREPROCESS = NO;
				INSTALL_PATH = "$(HOME)/Library/Audio/Plug-Ins/Components/";
				LIBRARY_STYLE = Bundle;
				LLVM_LTO = YES;
				MACOSX_DEPLOYMENT_TARGET = 10.11;
				MACOSX_DEPLOYMENT_TARGET_ppc = 10.4;
				OTHER_LDFLAGS = "-bundle -ljuceSynthFramework";
				OTHER_REZFLAGS = "-d ppc_$ppc -d i386_$i386 -d ppc64_$ppc64 -d x86_64_$x86_64 -I /System/Library/Frameworks/CoreServices.framework/Frameworks/CarbonCore.framework/Versions/A/Headers -I \"$(DEVELOPER_DIR)/Extras/CoreAudio/AudioUnits/AUPublic/AUBase\"";
				PRODUCT_BUNDLE_IDENTIFIER = com.yourcompany.juceSynthFramework;
				SDKROOT_ppc = macosx10.5;
				USE_HEADERMAP = NO;
				WRAPPER_EXTENSION = component; }; name = Release; };
		2FD3368745FB6639D99BBE0E = {isa = XCBuildConfiguration; buildSettings = {
				CLANG_CXX_LANGUAGE_STANDARD = "c++11";
				CLANG_LINK_OBJC_RUNTIME = NO;
				COMBINE_HIDPI_IMAGES = YES;
				CONFIGURATION_BUILD_DIR = "$(PROJECT_DIR)/build/$(CONFIGURATION)";
				COPY_PHASE_STRIP = NO;
				GCC_DYNAMIC_NO_PIC = NO;
				GCC_OPTIMIZATION_LEVEL = 0;
				GCC_PREPROCESSOR_DEFINITIONS = (
					"_DEBUG=1",
					"DEBUG=1",
					"JUCER_XCODE_MAC_F6D2F4CF=1",
					"JUCE_APP_VERSION=1.0.0",
					"JUCE_APP_VERSION_HEX=0x10000",
					"JucePlugin_Build_VST=0",
					"JucePlugin_Build_VST3=0",
					"JucePlugin_Build_AU=0",
					"JucePlugin_Build_AUv3=0",
					"JucePlugin_Build_RTAS=0",
					"JucePlugin_Build_AAX=0",
					"JucePlugin_Build_Standalone=1", );
				GCC_VERSION = com.apple.compilers.llvm.clang.1_0;
				HEADER_SEARCH_PATHS = ("../../JuceLibraryCode", "/Applications/JUCE/modules", "/Users/djatwar/Development/Libraries/Maximilian", "/Applications/JUCE/modules/juce_audio_plugin_client", "$(inherited)");
				INFOPLIST_FILE = Info-Standalone_Plugin.plist;
				INFOPLIST_PREPROCESS = NO;
				MACOSX_DEPLOYMENT_TARGET = 10.11;
				MACOSX_DEPLOYMENT_TARGET_ppc = 10.4;
				OTHER_LDFLAGS = "-ljuceSynthFramework";
				PRODUCT_BUNDLE_IDENTIFIER = com.yourcompany.juceSynthFramework;
				SDKROOT_ppc = macosx10.5;
				USE_HEADERMAP = NO; }; name = Debug; };
		3A78F17A0EC6CC1C29C888A4 = {isa = XCBuildConfiguration; buildSettings = {
				CLANG_CXX_LANGUAGE_STANDARD = "c++11";
				CLANG_LINK_OBJC_RUNTIME = NO;
				COMBINE_HIDPI_IMAGES = YES;
				CONFIGURATION_BUILD_DIR = "$(PROJECT_DIR)/build/$(CONFIGURATION)";
				DEAD_CODE_STRIPPING = YES;
				GCC_GENERATE_DEBUGGING_SYMBOLS = NO;
				GCC_OPTIMIZATION_LEVEL = 3;
				GCC_PREPROCESSOR_DEFINITIONS = (
					"_NDEBUG=1",
					"NDEBUG=1",
					"JUCER_XCODE_MAC_F6D2F4CF=1",
					"JUCE_APP_VERSION=1.0.0",
					"JUCE_APP_VERSION_HEX=0x10000",
					"JucePlugin_Build_VST=0",
					"JucePlugin_Build_VST3=0",
					"JucePlugin_Build_AU=0",
					"JucePlugin_Build_AUv3=0",
					"JucePlugin_Build_RTAS=0",
					"JucePlugin_Build_AAX=0",
					"JucePlugin_Build_Standalone=1", );
				GCC_SYMBOLS_PRIVATE_EXTERN = YES;
				GCC_VERSION = com.apple.compilers.llvm.clang.1_0;
				HEADER_SEARCH_PATHS = ("../../JuceLibraryCode", "/Applications/JUCE/modules", "/Applications/JUCE/modules/juce_audio_plugin_client", "$(inherited)");
				INFOPLIST_FILE = Info-Standalone_Plugin.plist;
				INFOPLIST_PREPROCESS = NO;
				LLVM_LTO = YES;
				MACOSX_DEPLOYMENT_TARGET = 10.11;
				MACOSX_DEPLOYMENT_TARGET_ppc = 10.4;
				OTHER_LDFLAGS = "-ljuceSynthFramework";
				PRODUCT_BUNDLE_IDENTIFIER = com.yourcompany.juceSynthFramework;
				SDKROOT_ppc = macosx10.5;
				USE_HEADERMAP = NO; }; name = Release; };
		6D21AEA690719920CDAA51D4 = {isa = XCBuildConfiguration; buildSettings = {
				CLANG_CXX_LANGUAGE_STANDARD = "c++11";
				CLANG_LINK_OBJC_RUNTIME = NO;
				COMBINE_HIDPI_IMAGES = YES;
				CONFIGURATION_BUILD_DIR = "$(PROJECT_DIR)/build/$(CONFIGURATION)";
				COPY_PHASE_STRIP = NO;
				GCC_DYNAMIC_NO_PIC = NO;
				GCC_OPTIMIZATION_LEVEL = 0;
				GCC_PREPROCESSOR_DEFINITIONS = (
					"_DEBUG=1",
					"DEBUG=1",
					"JUCER_XCODE_MAC_F6D2F4CF=1",
					"JUCE_APP_VERSION=1.0.0",
					"JUCE_APP_VERSION_HEX=0x10000",
					"JucePlugin_Build_VST=1",
					"JucePlugin_Build_VST3=0",
					"JucePlugin_Build_AU=1",
					"JucePlugin_Build_AUv3=0",
					"JucePlugin_Build_RTAS=0",
					"JucePlugin_Build_AAX=0",
					"JucePlugin_Build_Standalone=1",
					"JUCE_SHARED_CODE=1", );
				GCC_VERSION = com.apple.compilers.llvm.clang.1_0;
				HEADER_SEARCH_PATHS = ("../../JuceLibraryCode", "/Applications/JUCE/modules", "/Users/djatwar/Development/Libraries/Maximilian", "/Applications/JUCE/modules/juce_audio_plugin_client", "$(inherited)");
				INSTALL_PATH = "@executable_path/../Frameworks";
				MACOSX_DEPLOYMENT_TARGET = 10.11;
				MACOSX_DEPLOYMENT_TARGET_ppc = 10.4;
				PRODUCT_BUNDLE_IDENTIFIER = com.yourcompany.juceSynthFramework;
				SDKROOT_ppc = macosx10.5;
				USE_HEADERMAP = NO; }; name = Debug; };
		624CAA510537A79A9C749CFE = {isa = XCBuildConfiguration; buildSettings = {
				CLANG_CXX_LANGUAGE_STANDARD = "c++11";
				CLANG_LINK_OBJC_RUNTIME = NO;
				COMBINE_HIDPI_IMAGES = YES;
				CONFIGURATION_BUILD_DIR = "$(PROJECT_DIR)/build/$(CONFIGURATION)";
				DEAD_CODE_STRIPPING = YES;
				GCC_GENERATE_DEBUGGING_SYMBOLS = NO;
				GCC_OPTIMIZATION_LEVEL = 3;
				GCC_PREPROCESSOR_DEFINITIONS = (
					"_NDEBUG=1",
					"NDEBUG=1",
					"JUCER_XCODE_MAC_F6D2F4CF=1",
					"JUCE_APP_VERSION=1.0.0",
					"JUCE_APP_VERSION_HEX=0x10000",
					"JucePlugin_Build_VST=1",
					"JucePlugin_Build_VST3=0",
					"JucePlugin_Build_AU=1",
					"JucePlugin_Build_AUv3=0",
					"JucePlugin_Build_RTAS=0",
					"JucePlugin_Build_AAX=0",
					"JucePlugin_Build_Standalone=1",
					"JUCE_SHARED_CODE=1", );
				GCC_SYMBOLS_PRIVATE_EXTERN = YES;
				GCC_VERSION = com.apple.compilers.llvm.clang.1_0;
				HEADER_SEARCH_PATHS = ("../../JuceLibraryCode", "/Applications/JUCE/modules", "/Applications/JUCE/modules/juce_audio_plugin_client", "$(inherited)");
				INSTALL_PATH = "@executable_path/../Frameworks";
				LLVM_LTO = YES;
				MACOSX_DEPLOYMENT_TARGET = 10.11;
				MACOSX_DEPLOYMENT_TARGET_ppc = 10.4;
				PRODUCT_BUNDLE_IDENTIFIER = com.yourcompany.juceSynthFramework;
				SDKROOT_ppc = macosx10.5;
				USE_HEADERMAP = NO; }; name = Release; };
		14996473E69F57779295763C = {isa = XCBuildConfiguration; buildSettings = {
				ALWAYS_SEARCH_USER_PATHS = NO;
				CLANG_WARN_BLOCK_CAPTURE_AUTORELEASING = YES;
				CLANG_WARN_BOOL_CONVERSION = YES;
				CLANG_WARN_COMMA = YES;
				CLANG_WARN_CONSTANT_CONVERSION = YES;
				CLANG_WARN_EMPTY_BODY = YES;
				CLANG_WARN_ENUM_CONVERSION = YES;
				CLANG_WARN_INFINITE_RECURSION = YES;
				CLANG_WARN_INT_CONVERSION = YES;
				CLANG_WARN_NON_LITERAL_NULL_CONVERSION = YES;
				CLANG_WARN_OBJC_LITERAL_CONVERSION = YES;
				CLANG_WARN_RANGE_LOOP_ANALYSIS = YES;
				CLANG_WARN_STRICT_PROTOTYPES = YES;
				CLANG_WARN_SUSPICIOUS_MOVE = YES;
				CLANG_WARN_UNREACHABLE_CODE = YES;
				CLANG_WARN__DUPLICATE_METHOD_MATCH = YES;
				DEBUG_INFORMATION_FORMAT = "dwarf";
				ENABLE_STRICT_OBJC_MSGSEND = YES;
				ENABLE_TESTABILITY = YES;
				GCC_C_LANGUAGE_STANDARD = c11;
				GCC_INLINES_ARE_PRIVATE_EXTERN = YES;
				GCC_MODEL_TUNING = G5;
				GCC_NO_COMMON_BLOCKS = YES;
				GCC_WARN_64_TO_32_BIT_CONVERSION = YES;
				GCC_WARN_ABOUT_RETURN_TYPE = YES;
				GCC_WARN_CHECK_SWITCH_STATEMENTS = YES;
				GCC_WARN_MISSING_PARENTHESES = YES;
				GCC_WARN_NON_VIRTUAL_DESTRUCTOR = YES;
				GCC_WARN_TYPECHECK_CALLS_TO_PRINTF = YES;
				GCC_WARN_UNDECLARED_SELECTOR = YES;
				GCC_WARN_UNINITIALIZED_AUTOS = YES;
				GCC_WARN_UNUSED_FUNCTION = YES;
				GCC_WARN_UNUSED_VARIABLE = YES;
				ONLY_ACTIVE_ARCH = YES;
				PRODUCT_NAME = "juceSynthFramework";
				WARNING_CFLAGS = -Wreorder;
				ZERO_LINK = NO; }; name = Debug; };
		64B7B9292C1F6E37A26E67AE = {isa = XCBuildConfiguration; buildSettings = {
				ALWAYS_SEARCH_USER_PATHS = NO;
				CLANG_WARN_BLOCK_CAPTURE_AUTORELEASING = YES;
				CLANG_WARN_BOOL_CONVERSION = YES;
				CLANG_WARN_COMMA = YES;
				CLANG_WARN_CONSTANT_CONVERSION = YES;
				CLANG_WARN_EMPTY_BODY = YES;
				CLANG_WARN_ENUM_CONVERSION = YES;
				CLANG_WARN_INFINITE_RECURSION = YES;
				CLANG_WARN_INT_CONVERSION = YES;
				CLANG_WARN_NON_LITERAL_NULL_CONVERSION = YES;
				CLANG_WARN_OBJC_LITERAL_CONVERSION = YES;
				CLANG_WARN_RANGE_LOOP_ANALYSIS = YES;
				CLANG_WARN_STRICT_PROTOTYPES = YES;
				CLANG_WARN_SUSPICIOUS_MOVE = YES;
				CLANG_WARN_UNREACHABLE_CODE = YES;
				CLANG_WARN__DUPLICATE_METHOD_MATCH = YES;
				DEBUG_INFORMATION_FORMAT = "dwarf";
				ENABLE_STRICT_OBJC_MSGSEND = YES;
				GCC_C_LANGUAGE_STANDARD = c11;
				GCC_INLINES_ARE_PRIVATE_EXTERN = YES;
				GCC_MODEL_TUNING = G5;
				GCC_NO_COMMON_BLOCKS = YES;
				GCC_WARN_64_TO_32_BIT_CONVERSION = YES;
				GCC_WARN_ABOUT_RETURN_TYPE = YES;
				GCC_WARN_CHECK_SWITCH_STATEMENTS = YES;
				GCC_WARN_MISSING_PARENTHESES = YES;
				GCC_WARN_NON_VIRTUAL_DESTRUCTOR = YES;
				GCC_WARN_TYPECHECK_CALLS_TO_PRINTF = YES;
				GCC_WARN_UNDECLARED_SELECTOR = YES;
				GCC_WARN_UNINITIALIZED_AUTOS = YES;
				GCC_WARN_UNUSED_FUNCTION = YES;
				GCC_WARN_UNUSED_VARIABLE = YES;
				PRODUCT_NAME = "juceSynthFramework";
				WARNING_CFLAGS = -Wreorder;
				ZERO_LINK = NO; }; name = Release; };
		C3B29C0601CF022EA3A487E2 = {isa = PBXTargetDependency; target = 3A8DA6D81CC536ECC639ACF1; };
		DB762CE83E12052784480BF8 = {isa = PBXTargetDependency; target = 6D1F2AA649AA9767D069D670; };
		105F69066C2015E4A0C2ED8B = {isa = PBXTargetDependency; target = D8ABB13BEAF9A77D16C214AD; };
		769CB58124387C0B291657CD = {isa = PBXTargetDependency; target = 2D44630A6EDBAF615A5D1FE4; };
		64BACDFEE62547CFB6A3106A = {isa = XCConfigurationList; buildConfigurations = (
					14996473E69F57779295763C,
					64B7B9292C1F6E37A26E67AE, ); defaultConfigurationIsVisible = 0; defaultConfigurationName = Debug; };
		FA0D0B15DEB1A6E83096C320 = {isa = XCConfigurationList; buildConfigurations = (
					6267BF8165F279DFCF20C04E,
					39972EAE0FB1ED10D93F8906, ); defaultConfigurationIsVisible = 0; defaultConfigurationName = Debug; };
		B1D2B8F3C0EBB92E6F4F2827 = {isa = PBXAggregateTarget; buildConfigurationList = FA0D0B15DEB1A6E83096C320; buildPhases = (  ); buildRules = ( ); dependencies = (
					C3B29C0601CF022EA3A487E2,
					DB762CE83E12052784480BF8,
					105F69066C2015E4A0C2ED8B,
					769CB58124387C0B291657CD, ); name = "juceSynthFramework - All"; productName = juceSynthFramework; };
		B43598675AD6DCE1081C39B0 = {isa = XCConfigurationList; buildConfigurations = (
					3EF27DA587E41FC46DEC814E,
					09210CA762197DDB8ADA9DFA, ); defaultConfigurationIsVisible = 0; defaultConfigurationName = Debug; };
		5C11BFF2C7B6CF7D2D1F8634 = {isa = PBXResourcesBuildPhase; buildActionMask = 2147483647; files = (
					F3ABDF358238AAFB661DD41A, ); runOnlyForDeploymentPostprocessing = 0; };
		C94BB5E35558804E086925FC = {isa = PBXSourcesBuildPhase; buildActionMask = 2147483647; files = (
					14CC347D6BA0E0D9C8B228A1, ); runOnlyForDeploymentPostprocessing = 0; };
		E42CA8FAF66EB6E2FF79CFE4 = {isa = PBXFrameworksBuildPhase; buildActionMask = 2147483647; files = (
					DE559175CEAC1E99E9CD6BAB,
					BE40640126A8773B62DF53EC,
					42D3C816147318C1C499656B,
					7782446A557ABE2E47E4F90F,
					60B19025D338AD6A7722421B,
					DE770639380BC619EDE2155B,
					2CCDDF5B10A36041EA254453,
					D7B05959B59CA908C314B260,
					30EF23717C33BDDFEC76A3F8,
					593BEE65A88F3670E209E80B,
					F2D8CD68B5E83998ED32281B,
					CE9CF54852284CA0F60E3542,
					D5BE36AB68136C306130F3C2,
					6B3A5718E18B50048E0A1236, ); runOnlyForDeploymentPostprocessing = 0; };
		3A8DA6D81CC536ECC639ACF1 = {isa = PBXNativeTarget; buildConfigurationList = B43598675AD6DCE1081C39B0; buildPhases = (
					5C11BFF2C7B6CF7D2D1F8634,
					C94BB5E35558804E086925FC,
					E42CA8FAF66EB6E2FF79CFE4, ); buildRules = ( ); dependencies = (
					769CB58124387C0B291657CD, ); name = "juceSynthFramework - VST"; productName = juceSynthFramework; productReference = 967CB80A9072C3D70E147111; productType = "com.apple.product-type.bundle"; };
		3F35B6F083FEFE6282525E55 = {isa = XCConfigurationList; buildConfigurations = (
					838E41574DF2CB6CC06C0A99,
					2EB90B07C794323ED3E9DD52, ); defaultConfigurationIsVisible = 0; defaultConfigurationName = Debug; };
		AF3E89D79C407253133E1AD8 = {isa = PBXResourcesBuildPhase; buildActionMask = 2147483647; files = (
					F3ABDF358238AAFB661DD41A, ); runOnlyForDeploymentPostprocessing = 0; };
		649AB3BEB88F7CBAA44C1EF2 = {isa = PBXRezBuildPhase; buildActionMask = 2147483647; files = (
					774EDDB432471691C0ED36F9, ); runOnlyForDeploymentPostprocessing = 0; };
		847159C9C8EEE5E7AE6BBE4E = {isa = PBXSourcesBuildPhase; buildActionMask = 2147483647; files = (
					F62A34E4EB33E1C7695A36D8,
					7FEC2ECE2545BBBFEC09B135, ); runOnlyForDeploymentPostprocessing = 0; };
		A4473F5B3045208EE1DD1910 = {isa = PBXFrameworksBuildPhase; buildActionMask = 2147483647; files = (
					DE559175CEAC1E99E9CD6BAB,
					BE40640126A8773B62DF53EC,
					9F1D8C0183D1305C3D8876AC,
					42D3C816147318C1C499656B,
					7782446A557ABE2E47E4F90F,
					60B19025D338AD6A7722421B,
					DE770639380BC619EDE2155B,
					2CCDDF5B10A36041EA254453,
					0592897C81C694213A9D7928,
					D7B05959B59CA908C314B260,
					30EF23717C33BDDFEC76A3F8,
					593BEE65A88F3670E209E80B,
					F2D8CD68B5E83998ED32281B,
					CE9CF54852284CA0F60E3542,
					D5BE36AB68136C306130F3C2,
					6B3A5718E18B50048E0A1236, ); runOnlyForDeploymentPostprocessing = 0; };
		6D1F2AA649AA9767D069D670 = {isa = PBXNativeTarget; buildConfigurationList = 3F35B6F083FEFE6282525E55; buildPhases = (
					AF3E89D79C407253133E1AD8,
					649AB3BEB88F7CBAA44C1EF2,
					847159C9C8EEE5E7AE6BBE4E,
					A4473F5B3045208EE1DD1910, ); buildRules = ( ); dependencies = (
					769CB58124387C0B291657CD, ); name = "juceSynthFramework - AU"; productName = juceSynthFramework; productReference = CFBC6D8FFC8896069576BE75; productType = "com.apple.product-type.bundle"; };
		586540D66B76798354C01C8B = {isa = XCConfigurationList; buildConfigurations = (
					2FD3368745FB6639D99BBE0E,
					3A78F17A0EC6CC1C29C888A4, ); defaultConfigurationIsVisible = 0; defaultConfigurationName = Debug; };
		223086E2A3C78CF10B6D085C = {isa = PBXResourcesBuildPhase; buildActionMask = 2147483647; files = (
					F3ABDF358238AAFB661DD41A, ); runOnlyForDeploymentPostprocessing = 0; };
		A19CAE973D231714C365F8AF = {isa = PBXSourcesBuildPhase; buildActionMask = 2147483647; files = (
					A62AD9FB1D3F9EB45AA35419, ); runOnlyForDeploymentPostprocessing = 0; };
		76964912148D2E1297B6FEED = {isa = PBXFrameworksBuildPhase; buildActionMask = 2147483647; files = (
					DE559175CEAC1E99E9CD6BAB,
					BE40640126A8773B62DF53EC,
					42D3C816147318C1C499656B,
					7782446A557ABE2E47E4F90F,
					60B19025D338AD6A7722421B,
					DE770639380BC619EDE2155B,
					2CCDDF5B10A36041EA254453,
					D7B05959B59CA908C314B260,
					30EF23717C33BDDFEC76A3F8,
					593BEE65A88F3670E209E80B,
					F2D8CD68B5E83998ED32281B,
					CE9CF54852284CA0F60E3542,
					D5BE36AB68136C306130F3C2,
					6B3A5718E18B50048E0A1236, ); runOnlyForDeploymentPostprocessing = 0; };
		D8ABB13BEAF9A77D16C214AD = {isa = PBXNativeTarget; buildConfigurationList = 586540D66B76798354C01C8B; buildPhases = (
					223086E2A3C78CF10B6D085C,
					A19CAE973D231714C365F8AF,
					76964912148D2E1297B6FEED, ); buildRules = ( ); dependencies = (
					769CB58124387C0B291657CD, ); name = "juceSynthFramework - Standalone Plugin"; productName = juceSynthFramework; productReference = A22E413F35F946F29B68C640; productType = "com.apple.product-type.application"; };
		44E7188053DC2F169C3A1F55 = {isa = XCConfigurationList; buildConfigurations = (
					6D21AEA690719920CDAA51D4,
					624CAA510537A79A9C749CFE, ); defaultConfigurationIsVisible = 0; defaultConfigurationName = Debug; };
		657732A00A759B5E34D9B4BD = {isa = PBXSourcesBuildPhase; buildActionMask = 2147483647; files = (
					EF2AC0B4B85CD6967AE37580,
					8F9F37EC6C2D9B918AE392A3,
					229A0F830E800CA60F5F4238,
					683A0D907C01A1F1494C45EE,
					FB45063804F553074DF3B079,
					84DA2DEB52609D9F5D721E9A,
					9A316A4A94151791ACC48A63,
					4FBA53A4EAC8723D05B56293,
					BBB86D4FD78E999C29B59C52,
					CB142C61A912E2908FA6C5EB,
					B749058C54E25858E0774403,
					2A49148F3290406951D4FFA6,
					99FF78227974D48DF984FFFB,
					1E0CC60555FA3ADD0D194AC5,
					50A34DEFF989E15D9621CAE5,
					5B28E6CBC90405476A0EFF23,
					729881656BD3930D35114206,
					61F265A632A307617E023346,
					BA39C0D15BD0023DEECCB5FC,
					672C39F12889C4E0AE43336F,
					7B023AE3F2417125E0B528AB,
					249E15340AD2A4A39CF0E203,
					49F68E7538DADF4BBE1735B2,
					3E85DCF5203D5FB1D47EFD37,
					99B324C529565FB4381A55E3,
					271B32ABE68C2D5EA42DC5CC,
					173CB6CDB75C63AF9BC30F11,
					F303751FBC18B2122E6FEC8A, ); runOnlyForDeploymentPostprocessing = 0; };
		2D44630A6EDBAF615A5D1FE4 = {isa = PBXNativeTarget; buildConfigurationList = 44E7188053DC2F169C3A1F55; buildPhases = (
					657732A00A759B5E34D9B4BD, ); buildRules = ( ); dependencies = (  ); name = "juceSynthFramework - Shared Code"; productName = juceSynthFramework; productReference = A5547445D0D8F6110C246C38; productType = "com.apple.product-type.library.static"; };
		BCFFA2EFB583A081BDD2B136 = {isa = PBXProject; buildConfigurationList = 64BACDFEE62547CFB6A3106A; attributes = { LastUpgradeCheck = 0830; TargetAttributes = { B1D2B8F3C0EBB92E6F4F2827 = { SystemCapabilities = {com.apple.ApplicationGroups.iOS = { enabled = 0; }; com.apple.InAppPurchase = { enabled = 0; }; com.apple.InterAppAudio = { enabled = 0; }; com.apple.Push = { enabled = 0; }; com.apple.Sandbox = { enabled = 0; }; }; };3A8DA6D81CC536ECC639ACF1 = { SystemCapabilities = {com.apple.ApplicationGroups.iOS = { enabled = 0; }; com.apple.InAppPurchase = { enabled = 0; }; com.apple.InterAppAudio = { enabled = 0; }; com.apple.Push = { enabled = 0; }; com.apple.Sandbox = { enabled = 0; }; }; };6D1F2AA649AA9767D069D670 = { SystemCapabilities = {com.apple.ApplicationGroups.iOS = { enabled = 0; }; com.apple.InAppPurchase = { enabled = 0; }; com.apple.InterAppAudio = { enabled = 0; }; com.apple.Push = { enabled = 0; }; com.apple.Sandbox = { enabled = 0; }; }; };D8ABB13BEAF9A77D16C214AD = { SystemCapabilities = {com.apple.ApplicationGroups.iOS = { enabled = 0; }; com.apple.InAppPurchase = { enabled = 0; }; com.apple.InterAppAudio = { enabled = 0; }; com.apple.Push = { enabled = 0; }; com.apple.Sandbox = { enabled = 0; }; }; };2D44630A6EDBAF615A5D1FE4 = { SystemCapabilities = {com.apple.ApplicationGroups.iOS = { enabled = 0; }; com.apple.InAppPurchase = { enabled = 0; }; com.apple.InterAppAudio = { enabled = 0; }; com.apple.Push = { enabled = 0; }; com.apple.Sandbox = { enabled = 0; }; }; }; }; }; compatibilityVersion = "Xcode 3.2"; hasScannedForEncodings = 0; mainGroup = 7F2A21B881B895FC9ED08D49; projectDirPath = ""; projectRoot = ""; targets = (B1D2B8F3C0EBB92E6F4F2827, 3A8DA6D81CC536ECC639ACF1, 6D1F2AA649AA9767D069D670, D8ABB13BEAF9A77D16C214AD, 2D44630A6EDBAF615A5D1FE4); };
	};
	rootObject = BCFFA2EFB583A081BDD2B136;
}
